github.com/DataDog/zstd v1.5.5 h1:oWf5W7GtOLgp6bciQYDmhHHjdhYkALu6S/5Ni9ZgSvQ=
github.com/DataDog/zstd v1.5.5/go.mod h1:g4AWEaM3yOg3HYfnJ3YIawPnVdXJh9QME85blwSAmyw=
github.com/DataDog/zstd_0 v0.0.0-20210310093942-586c1286621f h1:5Vuo4niPKFkfwW55jV4vY0ih3VQ9RaQqeqY67fvRn8A=
github.com/DataDog/zstd_0 v0.0.0-20210310093942-586c1286621f/go.mod h1:oXfOhM/Kr8OvqS6tVqJwxPBornV0yrx3bc+l0BDr7PQ=
